
Microsoft Visual Studio Solution File, Format Version 12.00
# Visual Studio Version 17
VisualStudioVersion = 17.7.34009.444
MinimumVisualStudioVersion = 10.0.40219.1
Project("{FAE04EC0-301F-11D3-BF4B-00C04F79EFBC}") = "Novus-Top-Trumps", "Novus-Top-Trumps\Novus-Top-Trumps.csproj", "{8D53230B-0125-49CB-9611-B194C22EFCBD}"
EndProject
Global
	GlobalSection(SolutionConfigurationPlatforms) = preSolution
		Debug|Any CPU = Debug|Any CPU
		Release|Any CPU = Release|Any CPU
	EndGlobalSection
	GlobalSection(ProjectConfigurationPlatforms) = postSolution
		{8D53230B-0125-49CB-9611-B194C22EFCBD}.Debug|Any CPU.ActiveCfg = Debug|Any CPU
		{8D53230B-0125-49CB-9611-B194C22EFCBD}.Debug|Any CPU.Build.0 = Debug|Any CPU
		{8D53230B-0125-49CB-9611-B194C22EFCBD}.Release|Any CPU.ActiveCfg = Release|Any CPU
		{8D53230B-0125-49CB-9611-B194C22EFCBD}.Release|Any CPU.Build.0 = Release|Any CPU
	EndGlobalSection
	GlobalSection(SolutionProperties) = preSolution
		HideSolutionNode = FALSE
	EndGlobalSection
	GlobalSection(ExtensibilityGlobals) = postSolution
		SolutionGuid = {6955AD55-E454-43E6-AFA9-3FDC643781DD}
	EndGlobalSection
EndGlobal
